
Microsoft Visual Studio Solution File, Format Version 12.00
# Visual Studio 15
Project("{FAE04EC0-301F-11D3-BF4B-00C04F79EFBC}") = "AccessModifiersDemo", "AccessModifiersDemo\AccessModifiersDemo.csproj", "{392725FE-0348-4304-AE0A-A4CB366EB519}"
EndProject
Global
	GlobalSection(SolutionConfigurationPlatforms) = preSolution
		Debug|x86 = Debug|x86
		Release|x86 = Release|x86
	EndGlobalSection
	GlobalSection(ProjectConfigurationPlatforms) = postSolution
		{392725FE-0348-4304-AE0A-A4CB366EB519}.Debug|x86.ActiveCfg = Debug|x86
		{392725FE-0348-4304-AE0A-A4CB366EB519}.Debug|x86.Build.0 = Debug|x86
		{392725FE-0348-4304-AE0A-A4CB366EB519}.Release|x86.ActiveCfg = Release|x86
		{392725FE-0348-4304-AE0A-A4CB366EB519}.Release|x86.Build.0 = Release|x86
	EndGlobalSection
EndGlobal
